// !$*UTF8*$!
{
	archiveVersion = 1;
	classes = {
	};
	objectVersion = 50;
	objects = {

/* Begin PBXBuildFile section */
		547701BF9A1CD309EC66C053 /* libPods-PYPageScrollView.a in Frameworks */ = {isa = PBXBuildFile; fileRef = 0EB738CEB00A59F96640225D /* libPods-PYPageScrollView.a */; };
		D176D3DC20776A6D00EA514B /* AppDelegate.m in Sources */ = {isa = PBXBuildFile; fileRef = D176D3DB20776A6D00EA514B /* AppDelegate.m */; };
		D176D3DF20776A6D00EA514B /* ViewController.m in Sources */ = {isa = PBXBuildFile; fileRef = D176D3DE20776A6D00EA514B /* ViewController.m */; };
		D176D3E220776A6D00EA514B /* Main.storyboard in Resources */ = {isa = PBXBuildFile; fileRef = D176D3E020776A6D00EA514B /* Main.storyboard */; };
		D176D3E420776A7600EA514B /* Assets.xcassets in Resources */ = {isa = PBXBuildFile; fileRef = D176D3E320776A7600EA514B /* Assets.xcassets */; };
		D176D3E720776A7600EA514B /* LaunchScreen.storyboard in Resources */ = {isa = PBXBuildFile; fileRef = D176D3E520776A7600EA514B /* LaunchScreen.storyboard */; };
		D176D3EA20776A7600EA514B /* main.m in Sources */ = {isa = PBXBuildFile; fileRef = D176D3E920776A7600EA514B /* main.m */; };
		D176D3F320776C1500EA514B /* PYPageScrollView.m in Sources */ = {isa = PBXBuildFile; fileRef = D176D3F220776C1500EA514B /* PYPageScrollView.m */; };
		D176D3F720776C5400EA514B /* PYVCPage.m in Sources */ = {isa = PBXBuildFile; fileRef = D176D3F520776C5400EA514B /* PYVCPage.m */; };
		D176D3F820776C5400EA514B /* PYVCPage.xib in Resources */ = {isa = PBXBuildFile; fileRef = D176D3F620776C5400EA514B /* PYVCPage.xib */; };
		D176D3FD2077806000EA514B /* image.png in Resources */ = {isa = PBXBuildFile; fileRef = D176D3FC2077806000EA514B /* image.png */; };
		D176D3FF2077807200EA514B /* Podfile in Resources */ = {isa = PBXBuildFile; fileRef = D176D3FE2077807200EA514B /* Podfile */; };
		D176D40120778BD600EA514B /* PYPageScrollView.podspec in Resources */ = {isa = PBXBuildFile; fileRef = D176D40020778BD600EA514B /* PYPageScrollView.podspec */; };
/* End PBXBuildFile section */

/* Begin PBXFileReference section */
		0EB738CEB00A59F96640225D /* libPods-PYPageScrollView.a */ = {isa = PBXFileReference; explicitFileType = archive.ar; includeInIndex = 0; path = "libPods-PYPageScrollView.a"; sourceTree = BUILT_PRODUCTS_DIR; };
		16BC622D3FF1F21C63D8AB21 /* Pods-PYPageScrollView.debug.xcconfig */ = {isa = PBXFileReference; includeInIndex = 1; lastKnownFileType = text.xcconfig; name = "Pods-PYPageScrollView.debug.xcconfig"; path = "Pods/Target Support Files/Pods-PYPageScrollView/Pods-PYPageScrollView.debug.xcconfig"; sourceTree = "<group>"; };
		33A2C4D96FD887F41B8E297E /* Pods-PYPageScrollView.release.xcconfig */ = {isa = PBXFileReference; includeInIndex = 1; lastKnownFileType = text.xcconfig; name = "Pods-PYPageScrollView.release.xcconfig"; path = "Pods/Target Support Files/Pods-PYPageScrollView/Pods-PYPageScrollView.release.xcconfig"; sourceTree = "<group>"; };
		D176D3D720776A6D00EA514B /* PYPageScrollView.app */ = {isa = PBXFileReference; explicitFileType = wrapper.application; includeInIndex = 0; path = PYPageScrollView.app; sourceTree = BUILT_PRODUCTS_DIR; };
		D176D3DA20776A6D00EA514B /* AppDelegate.h */ = {isa = PBXFileReference; lastKnownFileType = sourcecode.c.h; path = AppDelegate.h; sourceTree = "<group>"; };
		D176D3DB20776A6D00EA514B /* AppDelegate.m */ = {isa = PBXFileReference; lastKnownFileType = sourcecode.c.objc; path = AppDelegate.m; sourceTree = "<group>"; };
		D176D3DD20776A6D00EA514B /* ViewController.h */ = {isa = PBXFileReference; lastKnownFileType = sourcecode.c.h; path = ViewController.h; sourceTree = "<group>"; };
		D176D3DE20776A6D00EA514B /* ViewController.m */ = {isa = PBXFileReference; lastKnownFileType = sourcecode.c.objc; path = ViewController.m; sourceTree = "<group>"; };
		D176D3E120776A6D00EA514B /* Base */ = {isa = PBXFileReference; lastKnownFileType = file.storyboard; name = Base; path = Base.lproj/Main.storyboard; sourceTree = "<group>"; };
		D176D3E320776A7600EA514B /* Assets.xcassets */ = {isa = PBXFileReference; lastKnownFileType = folder.assetcatalog; path = Assets.xcassets; sourceTree = "<group>"; };
		D176D3E620776A7600EA514B /* Base */ = {isa = PBXFileReference; lastKnownFileType = file.storyboard; name = Base; path = Base.lproj/LaunchScreen.storyboard; sourceTree = "<group>"; };
		D176D3E820776A7600EA514B /* Info.plist */ = {isa = PBXFileReference; lastKnownFileType = text.plist.xml; path = Info.plist; sourceTree = "<group>"; };
		D176D3E920776A7600EA514B /* main.m */ = {isa = PBXFileReference; lastKnownFileType = sourcecode.c.objc; path = main.m; sourceTree = "<group>"; };
		D176D3F120776C1500EA514B /* PYPageScrollView.h */ = {isa = PBXFileReference; fileEncoding = 4; lastKnownFileType = sourcecode.c.h; path = PYPageScrollView.h; sourceTree = "<group>"; };
		D176D3F220776C1500EA514B /* PYPageScrollView.m */ = {isa = PBXFileReference; fileEncoding = 4; lastKnownFileType = sourcecode.c.objc; path = PYPageScrollView.m; sourceTree = "<group>"; };
		D176D3F420776C5400EA514B /* PYVCPage.h */ = {isa = PBXFileReference; lastKnownFileType = sourcecode.c.h; path = PYVCPage.h; sourceTree = "<group>"; };
		D176D3F520776C5400EA514B /* PYVCPage.m */ = {isa = PBXFileReference; lastKnownFileType = sourcecode.c.objc; path = PYVCPage.m; sourceTree = "<group>"; };
		D176D3F620776C5400EA514B /* PYVCPage.xib */ = {isa = PBXFileReference; lastKnownFileType = file.xib; path = PYVCPage.xib; sourceTree = "<group>"; };
		D176D3FC2077806000EA514B /* image.png */ = {isa = PBXFileReference; lastKnownFileType = image.png; path = image.png; sourceTree = "<group>"; };
		D176D3FE2077807200EA514B /* Podfile */ = {isa = PBXFileReference; fileEncoding = 4; lastKnownFileType = text; path = Podfile; sourceTree = "<group>"; };
		D176D40020778BD600EA514B /* PYPageScrollView.podspec */ = {isa = PBXFileReference; fileEncoding = 4; lastKnownFileType = text; path = PYPageScrollView.podspec; sourceTree = "<group>"; };
/* End PBXFileReference section */

/* Begin PBXFrameworksBuildPhase section */
		D176D3D420776A6D00EA514B /* Frameworks */ = {
			isa = PBXFrameworksBuildPhase;
			buildActionMask = 2147483647;
			files = (
				547701BF9A1CD309EC66C053 /* libPods-PYPageScrollView.a in Frameworks */,
			);
			runOnlyForDeploymentPostprocessing = 0;
		};
/* End PBXFrameworksBuildPhase section */

/* Begin PBXGroup section */
		446D180D7D74F02EE15B917B /* Pods */ = {
			isa = PBXGroup;
			children = (
				16BC622D3FF1F21C63D8AB21 /* Pods-PYPageScrollView.debug.xcconfig */,
				33A2C4D96FD887F41B8E297E /* Pods-PYPageScrollView.release.xcconfig */,
			);
			name = Pods;
			sourceTree = "<group>";
		};
		A3330BDAC9F14F870088B339 /* Frameworks */ = {
			isa = PBXGroup;
			children = (
				0EB738CEB00A59F96640225D /* libPods-PYPageScrollView.a */,
			);
			name = Frameworks;
			sourceTree = "<group>";
		};
		D176D3CE20776A6D00EA514B = {
			isa = PBXGroup;
			children = (
				D176D40020778BD600EA514B /* PYPageScrollView.podspec */,
				D176D3FE2077807200EA514B /* Podfile */,
				D176D3D920776A6D00EA514B /* PYPageScrollView */,
				D176D3D820776A6D00EA514B /* Products */,
				446D180D7D74F02EE15B917B /* Pods */,
				A3330BDAC9F14F870088B339 /* Frameworks */,
			);
			sourceTree = "<group>";
		};
		D176D3D820776A6D00EA514B /* Products */ = {
			isa = PBXGroup;
			children = (
				D176D3D720776A6D00EA514B /* PYPageScrollView.app */,
			);
			name = Products;
			sourceTree = "<group>";
		};
		D176D3D920776A6D00EA514B /* PYPageScrollView */ = {
			isa = PBXGroup;
			children = (
				D176D3F92077716600EA514B /* Resource */,
				D176D3F020776C1500EA514B /* PageScrollView */,
				D176D3DA20776A6D00EA514B /* AppDelegate.h */,
				D176D3DB20776A6D00EA514B /* AppDelegate.m */,
				D176D3DD20776A6D00EA514B /* ViewController.h */,
				D176D3DE20776A6D00EA514B /* ViewController.m */,
				D176D3E020776A6D00EA514B /* Main.storyboard */,
				D176D3E320776A7600EA514B /* Assets.xcassets */,
				D176D3E520776A7600EA514B /* LaunchScreen.storyboard */,
				D176D3E820776A7600EA514B /* Info.plist */,
				D176D3E920776A7600EA514B /* main.m */,
				D176D3F420776C5400EA514B /* PYVCPage.h */,
				D176D3F520776C5400EA514B /* PYVCPage.m */,
				D176D3F620776C5400EA514B /* PYVCPage.xib */,
			);
			path = PYPageScrollView;
			sourceTree = "<group>";
		};
		D176D3F020776C1500EA514B /* PageScrollView */ = {
			isa = PBXGroup;
			children = (
				D176D3F120776C1500EA514B /* PYPageScrollView.h */,
				D176D3F220776C1500EA514B /* PYPageScrollView.m */,
			);
			path = PageScrollView;
			sourceTree = "<group>";
		};
		D176D3F92077716600EA514B /* Resource */ = {
			isa = PBXGroup;
			children = (
				D176D3FC2077806000EA514B /* image.png */,
			);
			path = Resource;
			sourceTree = "<group>";
		};
/* End PBXGroup section */

/* Begin PBXNativeTarget section */
		D176D3D620776A6D00EA514B /* PYPageScrollView */ = {
			isa = PBXNativeTarget;
			buildConfigurationList = D176D3ED20776A7600EA514B /* Build configuration list for PBXNativeTarget "PYPageScrollView" */;
			buildPhases = (
				6B119DA8323551B07FAA9B50 /* [CP] Check Pods Manifest.lock */,
				D176D3D320776A6D00EA514B /* Sources */,
				D176D3D420776A6D00EA514B /* Frameworks */,
				D176D3D520776A6D00EA514B /* Resources */,
				23B468B6CFA74412BD0AC00C /* [CP] Embed Pods Frameworks */,
				8E05461B1910DD090FF55985 /* [CP] Copy Pods Resources */,
			);
			buildRules = (
			);
			dependencies = (
			);
			name = PYPageScrollView;
			productName = PYPageScrollView;
			productReference = D176D3D720776A6D00EA514B /* PYPageScrollView.app */;
			productType = "com.apple.product-type.application";
		};
/* End PBXNativeTarget section */

/* Begin PBXProject section */
		D176D3CF20776A6D00EA514B /* Project object */ = {
			isa = PBXProject;
			attributes = {
				LastUpgradeCheck = 0930;
				ORGANIZATIONNAME = "Bob Lee";
				TargetAttributes = {
					D176D3D620776A6D00EA514B = {
						CreatedOnToolsVersion = 9.3;
					};
				};
			};
			buildConfigurationList = D176D3D220776A6D00EA514B /* Build configuration list for PBXProject "PYPageScrollView" */;
			compatibilityVersion = "Xcode 9.3";
			developmentRegion = en;
			hasScannedForEncodings = 0;
			knownRegions = (
				en,
				Base,
			);
			mainGroup = D176D3CE20776A6D00EA514B;
			productRefGroup = D176D3D820776A6D00EA514B /* Products */;
			projectDirPath = "";
			projectRoot = "";
			targets = (
				D176D3D620776A6D00EA514B /* PYPageScrollView */,
			);
		};
/* End PBXProject section */

/* Begin PBXResourcesBuildPhase section */
		D176D3D520776A6D00EA514B /* Resources */ = {
			isa = PBXResourcesBuildPhase;
			buildActionMask = 2147483647;
			files = (
				D176D3FF2077807200EA514B /* Podfile in Resources */,
				D176D40120778BD600EA514B /* PYPageScrollView.podspec in Resources */,
				D176D3F820776C5400EA514B /* PYVCPage.xib in Resources */,
				D176D3E720776A7600EA514B /* LaunchScreen.storyboard in Resources */,
				D176D3E420776A7600EA514B /* Assets.xcassets in Resources */,
				D176D3E220776A6D00EA514B /* Main.storyboard in Resources */,
				D176D3FD2077806000EA514B /* image.png in Resources */,
			);
			runOnlyForDeploymentPostprocessing = 0;
		};
/* End PBXResourcesBuildPhase section */

/* Begin PBXShellScriptBuildPhase section */
		23B468B6CFA74412BD0AC00C /* [CP] Embed Pods Frameworks */ = {
			isa = PBXShellScriptBuildPhase;
			buildActionMask = 2147483647;
			files = (
			);
			inputPaths = (
			);
			name = "[CP] Embed Pods Frameworks";
			outputPaths = (
			);
			runOnlyForDeploymentPostprocessing = 0;
			shellPath = /bin/sh;
			shellScript = "\"${SRCROOT}/Pods/Target Support Files/Pods-PYPageScrollView/Pods-PYPageScrollView-frameworks.sh\"\n";
			showEnvVarsInLog = 0;
		};
		6B119DA8323551B07FAA9B50 /* [CP] Check Pods Manifest.lock */ = {
			isa = PBXShellScriptBuildPhase;
			buildActionMask = 2147483647;
			files = (
			);
			inputPaths = (
				"${PODS_PODFILE_DIR_PATH}/Podfile.lock",
				"${PODS_ROOT}/Manifest.lock",
			);
			name = "[CP] Check Pods Manifest.lock";
			outputPaths = (
				"$(DERIVED_FILE_DIR)/Pods-PYPageScrollView-checkManifestLockResult.txt",
			);
			runOnlyForDeploymentPostprocessing = 0;
			shellPath = /bin/sh;
			shellScript = "diff \"${PODS_PODFILE_DIR_PATH}/Podfile.lock\" \"${PODS_ROOT}/Manifest.lock\" > /dev/null\nif [ $? != 0 ] ; then\n    # print error to STDERR\n    echo \"error: The sandbox is not in sync with the Podfile.lock. Run 'pod install' or update your CocoaPods installation.\" >&2\n    exit 1\nfi\n# This output is used by Xcode 'outputs' to avoid re-running this script phase.\necho \"SUCCESS\" > \"${SCRIPT_OUTPUT_FILE_0}\"\n";
			showEnvVarsInLog = 0;
		};
		8E05461B1910DD090FF55985 /* [CP] Copy Pods Resources */ = {
			isa = PBXShellScriptBuildPhase;
			buildActionMask = 2147483647;
			files = (
			);
			inputPaths = (
			);
			name = "[CP] Copy Pods Resources";
			outputPaths = (
			);
			runOnlyForDeploymentPostprocessing = 0;
			shellPath = /bin/sh;
			shellScript = "\"${SRCROOT}/Pods/Target Support Files/Pods-PYPageScrollView/Pods-PYPageScrollView-resources.sh\"\n";
			showEnvVarsInLog = 0;
		};
/* End PBXShellScriptBuildPhase section */

/* Begin PBXSourcesBuildPhase section */
		D176D3D320776A6D00EA514B /* Sources */ = {
			isa = PBXSourcesBuildPhase;
			buildActionMask = 2147483647;
			files = (
				D176D3DF20776A6D00EA514B /* ViewController.m in Sources */,
				D176D3F720776C5400EA514B /* PYVCPage.m in Sources */,
				D176D3F320776C1500EA514B /* PYPageScrollView.m in Sources */,
				D176D3EA20776A7600EA514B /* main.m in Sources */,
				D176D3DC20776A6D00EA514B /* AppDelegate.m in Sources */,
			);
			runOnlyForDeploymentPostprocessing = 0;
		};
/* End PBXSourcesBuildPhase section */

/* Begin PBXVariantGroup section */
		D176D3E020776A6D00EA514B /* Main.storyboard */ = {
			isa = PBXVariantGroup;
			children = (
				D176D3E120776A6D00EA514B /* Base */,
			);
			name = Main.storyboard;
			sourceTree = "<group>";
		};
		D176D3E520776A7600EA514B /* LaunchScreen.storyboard */ = {
			isa = PBXVariantGroup;
			children = (
				D176D3E620776A7600EA514B /* Base */,
			);
			name = LaunchScreen.storyboard;
			sourceTree = "<group>";
		};
/* End PBXVariantGroup section */

/* Begin XCBuildConfiguration section */
		D176D3EB20776A7600EA514B /* Debug */ = {
			isa = XCBuildConfiguration;
			buildSettings = {
				ALWAYS_SEARCH_USER_PATHS = NO;
				CLANG_ANALYZER_NONNULL = YES;
				CLANG_ANALYZER_NUMBER_OBJECT_CONVERSION = YES_AGGRESSIVE;
				CLANG_CXX_LANGUAGE_STANDARD = "gnu++14";
				CLANG_CXX_LIBRARY = "libc++";
				CLANG_ENABLE_MODULES = YES;
				CLANG_ENABLE_OBJC_ARC = YES;
				CLANG_ENABLE_OBJC_WEAK = YES;
				CLANG_WARN_BLOCK_CAPTURE_AUTORELEASING = YES;
				CLANG_WARN_BOOL_CONVERSION = YES;
				CLANG_WARN_COMMA = YES;
				CLANG_WARN_CONSTANT_CONVERSION = YES;
				CLANG_WARN_DEPRECATED_OBJC_IMPLEMENTATIONS = YES;
				CLANG_WARN_DIRECT_OBJC_ISA_USAGE = YES_ERROR;
				CLANG_WARN_DOCUMENTATION_COMMENTS = YES;
				CLANG_WARN_EMPTY_BODY = YES;
				CLANG_WARN_ENUM_CONVERSION = YES;
				CLANG_WARN_INFINITE_RECURSION = YES;
				CLANG_WARN_INT_CONVERSION = YES;
				CLANG_WARN_NON_LITERAL_NULL_CONVERSION = YES;
				CLANG_WARN_OBJC_IMPLICIT_RETAIN_SELF = YES;
				CLANG_WARN_OBJC_LITERAL_CONVERSION = YES;
				CLANG_WARN_OBJC_ROOT_CLASS = YES_ERROR;
				CLANG_WARN_RANGE_LOOP_ANALYSIS = YES;
				CLANG_WARN_STRICT_PROTOTYPES = YES;
				CLANG_WARN_SUSPICIOUS_MOVE = YES;
				CLANG_WARN_UNGUARDED_AVAILABILITY = YES_AGGRESSIVE;
				CLANG_WARN_UNREACHABLE_CODE = YES;
				CLANG_WARN__DUPLICATE_METHOD_MATCH = YES;
				CODE_SIGN_IDENTITY = "iPhone Developer";
				COPY_PHASE_STRIP = NO;
				DEBUG_INFORMATION_FORMAT = dwarf;
				ENABLE_STRICT_OBJC_MSGSEND = YES;
				ENABLE_TESTABILITY = YES;
				GCC_C_LANGUAGE_STANDARD = gnu11;
				GCC_DYNAMIC_NO_PIC = NO;
				GCC_NO_COMMON_BLOCKS = YES;
				GCC_OPTIMIZATION_LEVEL = 0;
				GCC_PREPROCESSOR_DEFINITIONS = (
					"DEBUG=1",
					"$(inherited)",
				);
				GCC_WARN_64_TO_32_BIT_CONVERSION = YES;
				GCC_WARN_ABOUT_RETURN_TYPE = YES_ERROR;
				GCC_WARN_UNDECLARED_SELECTOR = YES;
				GCC_WARN_UNINITIALIZED_AUTOS = YES_AGGRESSIVE;
				GCC_WARN_UNUSED_FUNCTION = YES;
				GCC_WARN_UNUSED_VARIABLE = YES;
				IPHONEOS_DEPLOYMENT_TARGET = 11.3;
				MTL_ENABLE_DEBUG_INFO = YES;
				ONLY_ACTIVE_ARCH = YES;
				SDKROOT = iphoneos;
			};
			name = Debug;
		};
		D176D3EC20776A7600EA514B /* Release */ = {
			isa = XCBuildConfiguration;
			buildSettings = {
				ALWAYS_SEARCH_USER_PATHS = NO;
				CLANG_ANALYZER_NONNULL = YES;
				CLANG_ANALYZER_NUMBER_OBJECT_CONVERSION = YES_AGGRESSIVE;
				CLANG_CXX_LANGUAGE_STANDARD = "gnu++14";
				CLANG_CXX_LIBRARY = "libc++";
				CLANG_ENABLE_MODULES = YES;
				CLANG_ENABLE_OBJC_ARC = YES;
				CLANG_ENABLE_OBJC_WEAK = YES;
				CLANG_WARN_BLOCK_CAPTURE_AUTORELEASING = YES;
				CLANG_WARN_BOOL_CONVERSION = YES;
				CLANG_WARN_COMMA = YES;
				CLANG_WARN_CONSTANT_CONVERSION = YES;
				CLANG_WARN_DEPRECATED_OBJC_IMPLEMENTATIONS = YES;
				CLANG_WARN_DIRECT_OBJC_ISA_USAGE = YES_ERROR;
				CLANG_WARN_DOCUMENTATION_COMMENTS = YES;
				CLANG_WARN_EMPTY_BODY = YES;
				CLANG_WARN_ENUM_CONVERSION = YES;
				CLANG_WARN_INFINITE_RECURSION = YES;
				CLANG_WARN_INT_CONVERSION = YES;
				CLANG_WARN_NON_LITERAL_NULL_CONVERSION = YES;
				CLANG_WARN_OBJC_IMPLICIT_RETAIN_SELF = YES;
				CLANG_WARN_OBJC_LITERAL_CONVERSION = YES;
				CLANG_WARN_OBJC_ROOT_CLASS = YES_ERROR;
				CLANG_WARN_RANGE_LOOP_ANALYSIS = YES;
				CLANG_WARN_STRICT_PROTOTYPES = YES;
				CLANG_WARN_SUSPICIOUS_MOVE = YES;
				CLANG_WARN_UNGUARDED_AVAILABILITY = YES_AGGRESSIVE;
				CLANG_WARN_UNREACHABLE_CODE = YES;
				CLANG_WARN__DUPLICATE_METHOD_MATCH = YES;
				CODE_SIGN_IDENTITY = "iPhone Developer";
				COPY_PHASE_STRIP = NO;
				DEBUG_INFORMATION_FORMAT = "dwarf-with-dsym";
				ENABLE_NS_ASSERTIONS = NO;
				ENABLE_STRICT_OBJC_MSGSEND = YES;
				GCC_C_LANGUAGE_STANDARD = gnu11;
				GCC_NO_COMMON_BLOCKS = YES;
				GCC_WARN_64_TO_32_BIT_CONVERSION = YES;
				GCC_WARN_ABOUT_RETURN_TYPE = YES_ERROR;
				GCC_WARN_UNDECLARED_SELECTOR = YES;
				GCC_WARN_UNINITIALIZED_AUTOS = YES_AGGRESSIVE;
				GCC_WARN_UNUSED_FUNCTION = YES;
				GCC_WARN_UNUSED_VARIABLE = YES;
				IPHONEOS_DEPLOYMENT_TARGET = 11.3;
				MTL_ENABLE_DEBUG_INFO = NO;
				SDKROOT = iphoneos;
				VALIDATE_PRODUCT = YES;
			};
			name = Release;
		};
		D176D3EE20776A7600EA514B /* Debug */ = {
			isa = XCBuildConfiguration;
			baseConfigurationReference = 16BC622D3FF1F21C63D8AB21 /* Pods-PYPageScrollView.debug.xcconfig */;
			buildSettings = {
				ASSETCATALOG_COMPILER_APPICON_NAME = AppIcon;
				CODE_SIGN_STYLE = Automatic;
				DEVELOPMENT_TEAM = S86KA93GD7;
				INFOPLIST_FILE = PYPageScrollView/Info.plist;
				LD_RUNPATH_SEARCH_PATHS = (
					"$(inherited)",
					"@executable_path/Frameworks",
				);
				PRODUCT_BUNDLE_IDENTIFIER = com.Ponyo.PYPageScrollView;
				PRODUCT_NAME = "$(TARGET_NAME)";
				TARGETED_DEVICE_FAMILY = "1,2";
			};
			name = Debug;
		};
		D176D3EF20776A7600EA514B /* Release */ = {
			isa = XCBuildConfiguration;
			baseConfigurationReference = 33A2C4D96FD887F41B8E297E /* Pods-PYPageScrollView.release.xcconfig */;
			buildSettings = {
				ASSETCATALOG_COMPILER_APPICON_NAME = AppIcon;
				CODE_SIGN_STYLE = Automatic;
				DEVELOPMENT_TEAM = S86KA93GD7;
				INFOPLIST_FILE = PYPageScrollView/Info.plist;
				LD_RUNPATH_SEARCH_PATHS = (
					"$(inherited)",
					"@executable_path/Frameworks",
				);
				PRODUCT_BUNDLE_IDENTIFIER = com.Ponyo.PYPageScrollView;
				PRODUCT_NAME = "$(TARGET_NAME)";
				TARGETED_DEVICE_FAMILY = "1,2";
			};
			name = Release;
		};
/* End XCBuildConfiguration section */

/* Begin XCConfigurationList section */
		D176D3D220776A6D00EA514B /* Build configuration list for PBXProject "PYPageScrollView" */ = {
			isa = XCConfigurationList;
			buildConfigurations = (
				D176D3EB20776A7600EA514B /* Debug */,
				D176D3EC20776A7600EA514B /* Release */,
			);
			defaultConfigurationIsVisible = 0;
			defaultConfigurationName = Release;
		};
		D176D3ED20776A7600EA514B /* Build configuration list for PBXNativeTarget "PYPageScrollView" */ = {
			isa = XCConfigurationList;
			buildConfigurations = (
				D176D3EE20776A7600EA514B /* Debug */,
				D176D3EF20776A7600EA514B /* Release */,
			);
			defaultConfigurationIsVisible = 0;
			defaultConfigurationName = Release;
		};
/* End XCConfigurationList section */
	};
	rootObject = D176D3CF20776A6D00EA514B /* Project object */;
}
